schema: '2.0'
stages:
  prepare:
    cmd: python3 src/prepare.py
    deps:
    - path: data/iris.csv
      hash: md5
      md5: 4d301abed5efe50eccda350cde38e0eb
      size: 2777
    - path: src/prepare.py
      hash: md5
      md5: 3effcd3348bb3bacccc52eaa24ac071f
      size: 1180
    params:
      params.yaml:
        prepare.augment_factor: 3
        prepare.noise_std: 0.12
        prepare.random_state: 42
    outs:
    - path: data/iris_prepared.csv
      hash: md5
      md5: 126948ffc244e0b5b31afe567052bef9
      size: 36897
  train:
    cmd: python3 src/train.py
    deps:
    - path: data/iris_prepared.csv
      hash: md5
      md5: 126948ffc244e0b5b31afe567052bef9
      size: 36897
    - path: src/train.py
      hash: md5
      md5: 770ba800ddb9f95dc51d60dddb7718a2
      size: 1372
    params:
      params.yaml:
        train.max_depth: 8
        train.n_estimators: 100
        train.random_state: 42
        train.test_size: 0.2
    outs:
    - path: metrics.json
      hash: md5
      md5: 936e4b2299a91fbaf71ff779a284b698
      size: 70
    - path: models/model.pkl
      hash: md5
      md5: 5652732259c503173f38e92f02b14c71
      size: 310113
