schema: '2.0'
stages:
  prepare:
    cmd: python3 src/prepare.py
    deps:
    - path: data/iris.csv
      hash: md5
      md5: 4d301abed5efe50eccda350cde38e0eb
      size: 2777
    - path: src/prepare.py
      hash: md5
      md5: 3effcd3348bb3bacccc52eaa24ac071f
      size: 1180
    params:
      params.yaml:
        prepare.augment_factor: 2
        prepare.noise_std: 0.08
        prepare.random_state: 42
    outs:
    - path: data/iris_prepared.csv
      hash: md5
      md5: 4f1fc3e1cf6be2af3b9be92fd336d85f
      size: 25508
  train:
    cmd: python3 src/train.py
    deps:
    - path: data/iris_prepared.csv
      hash: md5
      md5: 4f1fc3e1cf6be2af3b9be92fd336d85f
      size: 25508
    - path: src/train.py
      hash: md5
      md5: 770ba800ddb9f95dc51d60dddb7718a2
      size: 1372
    params:
      params.yaml:
        train.max_depth: 5
        train.n_estimators: 100
        train.random_state: 42
        train.test_size: 0.2
    outs:
    - path: metrics.json
      hash: md5
      md5: ea7fc639967f66ffde5e67a677e2d744
      size: 70
    - path: models/model.pkl
      hash: md5
      md5: c200dd96a117a9f3bd5d2ff174534ae8
      size: 205041
